
Microsoft Visual Studio Solution File, Format Version 12.00
# Visual Studio Version 17
VisualStudioVersion = 17.4.33110.190
MinimumVisualStudioVersion = 10.0.40219.1
Project("{FAE04EC0-301F-11D3-BF4B-00C04F79EFBC}") = "feb-13", "feb-13.csproj", "{BEE684B4-39D4-44C4-839E-2E4C99537ED4}"
EndProject
Global
	GlobalSection(SolutionConfigurationPlatforms) = preSolution
		Debug|Any CPU = Debug|Any CPU
		Release|Any CPU = Release|Any CPU
	EndGlobalSection
	GlobalSection(ProjectConfigurationPlatforms) = postSolution
		{BEE684B4-39D4-44C4-839E-2E4C99537ED4}.Debug|Any CPU.ActiveCfg = Debug|Any CPU
		{BEE684B4-39D4-44C4-839E-2E4C99537ED4}.Debug|Any CPU.Build.0 = Debug|Any CPU
		{BEE684B4-39D4-44C4-839E-2E4C99537ED4}.Release|Any CPU.ActiveCfg = Release|Any CPU
		{BEE684B4-39D4-44C4-839E-2E4C99537ED4}.Release|Any CPU.Build.0 = Release|Any CPU
	EndGlobalSection
	GlobalSection(SolutionProperties) = preSolution
		HideSolutionNode = FALSE
	EndGlobalSection
	GlobalSection(ExtensibilityGlobals) = postSolution
		SolutionGuid = {FDAD915D-DA17-4EB6-A37D-BA47ECAAA79E}
	EndGlobalSection
EndGlobal
