
Microsoft Visual Studio Solution File, Format Version 12.00
# Visual Studio Version 17
VisualStudioVersion = 17.4.33110.190
MinimumVisualStudioVersion = 10.0.40219.1
Project("{FAE04EC0-301F-11D3-BF4B-00C04F79EFBC}") = "jan-31", "jan-31.csproj", "{C0509FEA-3884-40EF-B181-1A24E1E5E367}"
EndProject
Global
	GlobalSection(SolutionConfigurationPlatforms) = preSolution
		Debug|Any CPU = Debug|Any CPU
		Release|Any CPU = Release|Any CPU
	EndGlobalSection
	GlobalSection(ProjectConfigurationPlatforms) = postSolution
		{C0509FEA-3884-40EF-B181-1A24E1E5E367}.Debug|Any CPU.ActiveCfg = Debug|Any CPU
		{C0509FEA-3884-40EF-B181-1A24E1E5E367}.Debug|Any CPU.Build.0 = Debug|Any CPU
		{C0509FEA-3884-40EF-B181-1A24E1E5E367}.Release|Any CPU.ActiveCfg = Release|Any CPU
		{C0509FEA-3884-40EF-B181-1A24E1E5E367}.Release|Any CPU.Build.0 = Release|Any CPU
	EndGlobalSection
	GlobalSection(SolutionProperties) = preSolution
		HideSolutionNode = FALSE
	EndGlobalSection
	GlobalSection(ExtensibilityGlobals) = postSolution
		SolutionGuid = {DBFB34D9-21CC-4CCA-B0A8-724C1A3925C5}
	EndGlobalSection
EndGlobal
