
Microsoft Visual Studio Solution File, Format Version 12.00
# Visual Studio Version 17
VisualStudioVersion = 17.4.33110.190
MinimumVisualStudioVersion = 10.0.40219.1
Project("{FAE04EC0-301F-11D3-BF4B-00C04F79EFBC}") = "feb-6", "feb-6.csproj", "{83241C1E-A91C-4FCF-AB5F-9904F57125E6}"
EndProject
Global
	GlobalSection(SolutionConfigurationPlatforms) = preSolution
		Debug|Any CPU = Debug|Any CPU
		Release|Any CPU = Release|Any CPU
	EndGlobalSection
	GlobalSection(ProjectConfigurationPlatforms) = postSolution
		{83241C1E-A91C-4FCF-AB5F-9904F57125E6}.Debug|Any CPU.ActiveCfg = Debug|Any CPU
		{83241C1E-A91C-4FCF-AB5F-9904F57125E6}.Debug|Any CPU.Build.0 = Debug|Any CPU
		{83241C1E-A91C-4FCF-AB5F-9904F57125E6}.Release|Any CPU.ActiveCfg = Release|Any CPU
		{83241C1E-A91C-4FCF-AB5F-9904F57125E6}.Release|Any CPU.Build.0 = Release|Any CPU
	EndGlobalSection
	GlobalSection(SolutionProperties) = preSolution
		HideSolutionNode = FALSE
	EndGlobalSection
	GlobalSection(ExtensibilityGlobals) = postSolution
		SolutionGuid = {F2485AF6-31EE-48D8-8BB7-3B0232C779FF}
	EndGlobalSection
EndGlobal
